schema: '2.0'
stages:
  collect_data:
    cmd: python src/data/collect_data.py --out data/raw/sms.csv
    outs:
    - path: data/raw/sms.csv
      hash: md5
      md5: 73ffa709b34dd35f0f03c6f70556c251
      size: 486376
  preprocess:
    cmd: python src/data/preprocess.py --in data/raw/sms.csv --out 
      data/processed/sms_clean.csv
    deps:
    - path: data/raw/sms.csv
      hash: md5
      md5: 73ffa709b34dd35f0f03c6f70556c251
      size: 486376
    - path: src/data/preprocess.py
      hash: md5
      md5: e1adb282282680b9558b96bdf1fe000c
      size: 2602
    outs:
    - path: data/processed/sms_clean.csv
      hash: md5
      md5: 6fc2894d4414bb37727e932252f6887f
      size: 413301
  train:
    cmd: python src/models/train.py --data data/processed/sms_clean.csv --out 
      models/model.pkl
    deps:
    - path: data/processed/sms_clean.csv
      hash: md5
      md5: ea6d8cb4229bc049ab4779f234879f50
      size: 409769
    - path: src/models/train.py
      hash: md5
      md5: 712ecdb3f5172357d1711d0c55b21bb2
      size: 2050
    outs:
    - path: models/model.pkl
      hash: md5
      md5: 26648cdd59b9ad544bf9cb821833f027
      size: 219872
  evaluate:
    cmd: python src/models/evaluate.py --model models/model.pkl --data 
      data/processed/sms_clean.csv --out reports/metrics.json
    deps:
    - path: data/processed/sms_clean.csv
      hash: md5
      md5: ea6d8cb4229bc049ab4779f234879f50
      size: 409769
    - path: models/model.pkl
      hash: md5
      md5: 26648cdd59b9ad544bf9cb821833f027
      size: 219872
    - path: src/models/evaluate.py
      hash: md5
      md5: 40135c5377bd03968cc5cb1ccbd710d9
      size: 1623
    outs:
    - path: reports/metrics.json
      hash: md5
      md5: dcfd0ff81d2d246deb983261b494a3eb
      size: 149
  train_logistic:
    cmd: python src/models/train.py --data data/processed/sms_clean.csv --out 
      models/model_logistic.pkl --model_type logistic
    deps:
    - path: data/processed/sms_clean.csv
      hash: md5
      md5: 6fc2894d4414bb37727e932252f6887f
      size: 413301
    - path: src/models/train.py
      hash: md5
      md5: 33c27aa5bbc2dfe652669bcf0ed56c54
      size: 8348
    outs:
    - path: models/model_logistic.pkl
      hash: md5
      md5: 47dc48e0d46ce0900f565f75a0f52ccc
      size: 231936
  train_svm:
    cmd: python src/models/train.py --data data/processed/sms_clean.csv --out 
      models/model_svm.pkl --model_type svm
    deps:
    - path: data/processed/sms_clean.csv
      hash: md5
      md5: 6fc2894d4414bb37727e932252f6887f
      size: 413301
    - path: src/models/train.py
      hash: md5
      md5: 33c27aa5bbc2dfe652669bcf0ed56c54
      size: 8348
    outs:
    - path: models/model_svm.pkl
      hash: md5
      md5: 59e8e5f44e9367efa0ee6c21da6c9144
      size: 514367
  train_nb:
    cmd: python src/models/train.py --data data/processed/sms_clean.csv --out 
      models/model_nb.pkl --model_type nb
    deps:
    - path: data/processed/sms_clean.csv
      hash: md5
      md5: 6fc2894d4414bb37727e932252f6887f
      size: 413301
    - path: src/models/train.py
      hash: md5
      md5: 33c27aa5bbc2dfe652669bcf0ed56c54
      size: 8348
    outs:
    - path: models/model_nb.pkl
      hash: md5
      md5: b6a51b0a426d2274d872c6a6f055948a
      size: 351865
  train_rf:
    cmd: python src/models/train.py --data data/processed/sms_clean.csv --out 
      models/model_rf.pkl --model_type rf
    deps:
    - path: data/processed/sms_clean.csv
      hash: md5
      md5: 6fc2894d4414bb37727e932252f6887f
      size: 413301
    - path: src/models/train.py
      hash: md5
      md5: 33c27aa5bbc2dfe652669bcf0ed56c54
      size: 8348
    outs:
    - path: models/model_rf.pkl
      hash: md5
      md5: 6cd84e5f19bf92436ada506d8108a4c2
      size: 1463969
  evaluate_all:
    cmd: python src/models/evaluate_all.py --models_dir models/ --data 
      data/processed/sms_clean.csv --out reports/comparison.json
    deps:
    - path: models/model_logistic.pkl
      hash: md5
      md5: 47dc48e0d46ce0900f565f75a0f52ccc
      size: 231936
    - path: models/model_nb.pkl
      hash: md5
      md5: b6a51b0a426d2274d872c6a6f055948a
      size: 351865
    - path: models/model_rf.pkl
      hash: md5
      md5: 6cd84e5f19bf92436ada506d8108a4c2
      size: 1463969
    - path: models/model_svm.pkl
      hash: md5
      md5: 59e8e5f44e9367efa0ee6c21da6c9144
      size: 514367
    - path: src/models/evaluate_all.py
      hash: md5
      md5: 10fe3c1d0271729b4eb374ef5fccff6f
      size: 10630
    outs:
    - path: reports/comparison.json
      hash: md5
      md5: 2d6c91996ee3bb7a6c929e3a014f0c20
      size: 2296
